// !$*UTF8*$!
{
	archiveVersion = 1;
	classes = {
	};
	objectVersion = 55;
	objects = {

/* Begin PBXBuildFile section */
		4312A1F52808CD2D007F4CEE /* AppDelegate.swift in Sources */ = {isa = PBXBuildFile; fileRef = 4312A1F42808CD2D007F4CEE /* AppDelegate.swift */; };
		4312A1F72808CD2D007F4CEE /* SceneDelegate.swift in Sources */ = {isa = PBXBuildFile; fileRef = 4312A1F62808CD2D007F4CEE /* SceneDelegate.swift */; };
		4312A1F92808CD2D007F4CEE /* ViewController.swift in Sources */ = {isa = PBXBuildFile; fileRef = 4312A1F82808CD2D007F4CEE /* ViewController.swift */; };
		4312A1FC2808CD2D007F4CEE /* Main.storyboard in Resources */ = {isa = PBXBuildFile; fileRef = 4312A1FA2808CD2D007F4CEE /* Main.storyboard */; };
		4312A1FE2808CD30007F4CEE /* Assets.xcassets in Resources */ = {isa = PBXBuildFile; fileRef = 4312A1FD2808CD30007F4CEE /* Assets.xcassets */; };
		4312A2012808CD30007F4CEE /* LaunchScreen.storyboard in Resources */ = {isa = PBXBuildFile; fileRef = 4312A1FF2808CD30007F4CEE /* LaunchScreen.storyboard */; };
		4312A20D2808CF7B007F4CEE /* 125Hz.wav in Resources */ = {isa = PBXBuildFile; fileRef = 4312A2092808CF7B007F4CEE /* 125Hz.wav */; };
		4312A20E2808CF7B007F4CEE /* 250Hz.wav in Resources */ = {isa = PBXBuildFile; fileRef = 4312A20A2808CF7B007F4CEE /* 250Hz.wav */; };
		4312A20F2808CF7B007F4CEE /* 50Hz.wav in Resources */ = {isa = PBXBuildFile; fileRef = 4312A20B2808CF7B007F4CEE /* 50Hz.wav */; };
		4312A2102808CF7B007F4CEE /* 500Hz.wav in Resources */ = {isa = PBXBuildFile; fileRef = 4312A20C2808CF7B007F4CEE /* 500Hz.wav */; };
/* End PBXBuildFile section */

/* Begin PBXFileReference section */
		4312A1F12808CD2D007F4CEE /* Audio.app */ = {isa = PBXFileReference; explicitFileType = wrapper.application; includeInIndex = 0; path = Audio.app; sourceTree = BUILT_PRODUCTS_DIR; };
		4312A1F42808CD2D007F4CEE /* AppDelegate.swift */ = {isa = PBXFileReference; lastKnownFileType = sourcecode.swift; path = AppDelegate.swift; sourceTree = "<group>"; };
		4312A1F62808CD2D007F4CEE /* SceneDelegate.swift */ = {isa = PBXFileReference; lastKnownFileType = sourcecode.swift; path = SceneDelegate.swift; sourceTree = "<group>"; };
		4312A1F82808CD2D007F4CEE /* ViewController.swift */ = {isa = PBXFileReference; lastKnownFileType = sourcecode.swift; path = ViewController.swift; sourceTree = "<group>"; };
		4312A1FB2808CD2D007F4CEE /* Base */ = {isa = PBXFileReference; lastKnownFileType = file.storyboard; name = Base; path = Base.lproj/Main.storyboard; sourceTree = "<group>"; };
		4312A1FD2808CD30007F4CEE /* Assets.xcassets */ = {isa = PBXFileReference; lastKnownFileType = folder.assetcatalog; path = Assets.xcassets; sourceTree = "<group>"; };
		4312A2002808CD30007F4CEE /* Base */ = {isa = PBXFileReference; lastKnownFileType = file.storyboard; name = Base; path = Base.lproj/LaunchScreen.storyboard; sourceTree = "<group>"; };
		4312A2022808CD30007F4CEE /* Info.plist */ = {isa = PBXFileReference; lastKnownFileType = text.plist.xml; path = Info.plist; sourceTree = "<group>"; };
		4312A2092808CF7B007F4CEE /* 125Hz.wav */ = {isa = PBXFileReference; lastKnownFileType = audio.wav; path = 125Hz.wav; sourceTree = "<group>"; };
		4312A20A2808CF7B007F4CEE /* 250Hz.wav */ = {isa = PBXFileReference; lastKnownFileType = audio.wav; path = 250Hz.wav; sourceTree = "<group>"; };
		4312A20B2808CF7B007F4CEE /* 50Hz.wav */ = {isa = PBXFileReference; lastKnownFileType = audio.wav; path = 50Hz.wav; sourceTree = "<group>"; };
		4312A20C2808CF7B007F4CEE /* 500Hz.wav */ = {isa = PBXFileReference; lastKnownFileType = audio.wav; path = 500Hz.wav; sourceTree = "<group>"; };
/* End PBXFileReference section */

/* Begin PBXFrameworksBuildPhase section */
		4312A1EE2808CD2D007F4CEE /* Frameworks */ = {
			isa = PBXFrameworksBuildPhase;
			buildActionMask = 2147483647;
			files = (
			);
			runOnlyForDeploymentPostprocessing = 0;
		};
/* End PBXFrameworksBuildPhase section */

/* Begin PBXGroup section */
		4312A1E82808CD2D007F4CEE = {
			isa = PBXGroup;
			children = (
				4312A1F32808CD2D007F4CEE /* Audio */,
				4312A1F22808CD2D007F4CEE /* Products */,
			);
			sourceTree = "<group>";
		};
		4312A1F22808CD2D007F4CEE /* Products */ = {
			isa = PBXGroup;
			children = (
				4312A1F12808CD2D007F4CEE /* Audio.app */,
			);
			name = Products;
			sourceTree = "<group>";
		};
		4312A1F32808CD2D007F4CEE /* Audio */ = {
			isa = PBXGroup;
			children = (
				4312A1F42808CD2D007F4CEE /* AppDelegate.swift */,
				4312A1F62808CD2D007F4CEE /* SceneDelegate.swift */,
				4312A1F82808CD2D007F4CEE /* ViewController.swift */,
				4312A1FA2808CD2D007F4CEE /* Main.storyboard */,
				4312A1FD2808CD30007F4CEE /* Assets.xcassets */,
				4312A1FF2808CD30007F4CEE /* LaunchScreen.storyboard */,
				4312A2022808CD30007F4CEE /* Info.plist */,
				4312A2082808CF5B007F4CEE /* Resources */,
			);
			path = Audio;
			sourceTree = "<group>";
		};
		4312A2082808CF5B007F4CEE /* Resources */ = {
			isa = PBXGroup;
			children = (
				4312A20B2808CF7B007F4CEE /* 50Hz.wav */,
				4312A2092808CF7B007F4CEE /* 125Hz.wav */,
				4312A20A2808CF7B007F4CEE /* 250Hz.wav */,
				4312A20C2808CF7B007F4CEE /* 500Hz.wav */,
			);
			path = Resources;
			sourceTree = "<group>";
		};
/* End PBXGroup section */

/* Begin PBXNativeTarget section */
		4312A1F02808CD2D007F4CEE /* Audio */ = {
			isa = PBXNativeTarget;
			buildConfigurationList = 4312A2052808CD30007F4CEE /* Build configuration list for PBXNativeTarget "Audio" */;
			buildPhases = (
				4312A1ED2808CD2D007F4CEE /* Sources */,
				4312A1EE2808CD2D007F4CEE /* Frameworks */,
				4312A1EF2808CD2D007F4CEE /* Resources */,
			);
			buildRules = (
			);
			dependencies = (
			);
			name = Audio;
			productName = Audio;
			productReference = 4312A1F12808CD2D007F4CEE /* Audio.app */;
			productType = "com.apple.product-type.application";
		};
/* End PBXNativeTarget section */

/* Begin PBXProject section */
		4312A1E92808CD2D007F4CEE /* Project object */ = {
			isa = PBXProject;
			attributes = {
				BuildIndependentTargetsInParallel = 1;
				LastSwiftUpdateCheck = 1330;
				LastUpgradeCheck = 1330;
				TargetAttributes = {
					4312A1F02808CD2D007F4CEE = {
						CreatedOnToolsVersion = 13.3;
					};
				};
			};
			buildConfigurationList = 4312A1EC2808CD2D007F4CEE /* Build configuration list for PBXProject "Audio" */;
			compatibilityVersion = "Xcode 13.0";
			developmentRegion = en;
			hasScannedForEncodings = 0;
			knownRegions = (
				en,
				Base,
			);
			mainGroup = 4312A1E82808CD2D007F4CEE;
			productRefGroup = 4312A1F22808CD2D007F4CEE /* Products */;
			projectDirPath = "";
			projectRoot = "";
			targets = (
				4312A1F02808CD2D007F4CEE /* Audio */,
			);
		};
/* End PBXProject section */

/* Begin PBXResourcesBuildPhase section */
		4312A1EF2808CD2D007F4CEE /* Resources */ = {
			isa = PBXResourcesBuildPhase;
			buildActionMask = 2147483647;
			files = (
				4312A20E2808CF7B007F4CEE /* 250Hz.wav in Resources */,
				4312A20F2808CF7B007F4CEE /* 50Hz.wav in Resources */,
				4312A2012808CD30007F4CEE /* LaunchScreen.storyboard in Resources */,
				4312A1FE2808CD30007F4CEE /* Assets.xcassets in Resources */,
				4312A1FC2808CD2D007F4CEE /* Main.storyboard in Resources */,
				4312A2102808CF7B007F4CEE /* 500Hz.wav in Resources */,
				4312A20D2808CF7B007F4CEE /* 125Hz.wav in Resources */,
			);
			runOnlyForDeploymentPostprocessing = 0;
		};
/* End PBXResourcesBuildPhase section */

/* Begin PBXSourcesBuildPhase section */
		4312A1ED2808CD2D007F4CEE /* Sources */ = {
			isa = PBXSourcesBuildPhase;
			buildActionMask = 2147483647;
			files = (
				4312A1F92808CD2D007F4CEE /* ViewController.swift in Sources */,
				4312A1F52808CD2D007F4CEE /* AppDelegate.swift in Sources */,
				4312A1F72808CD2D007F4CEE /* SceneDelegate.swift in Sources */,
			);
			runOnlyForDeploymentPostprocessing = 0;
		};
/* End PBXSourcesBuildPhase section */

/* Begin PBXVariantGroup section */
		4312A1FA2808CD2D007F4CEE /* Main.storyboard */ = {
			isa = PBXVariantGroup;
			children = (
				4312A1FB2808CD2D007F4CEE /* Base */,
			);
			name = Main.storyboard;
			sourceTree = "<group>";
		};
		4312A1FF2808CD30007F4CEE /* LaunchScreen.storyboard */ = {
			isa = PBXVariantGroup;
			children = (
				4312A2002808CD30007F4CEE /* Base */,
			);
			name = LaunchScreen.storyboard;
			sourceTree = "<group>";
		};
/* End PBXVariantGroup section */

/* Begin XCBuildConfiguration section */
		4312A2032808CD30007F4CEE /* Debug */ = {
			isa = XCBuildConfiguration;
			buildSettings = {
				ALWAYS_SEARCH_USER_PATHS = NO;
				CLANG_ANALYZER_NONNULL = YES;
				CLANG_ANALYZER_NUMBER_OBJECT_CONVERSION = YES_AGGRESSIVE;
				CLANG_CXX_LANGUAGE_STANDARD = "gnu++17";
				CLANG_ENABLE_MODULES = YES;
				CLANG_ENABLE_OBJC_ARC = YES;
				CLANG_ENABLE_OBJC_WEAK = YES;
				CLANG_WARN_BLOCK_CAPTURE_AUTORELEASING = YES;
				CLANG_WARN_BOOL_CONVERSION = YES;
				CLANG_WARN_COMMA = YES;
				CLANG_WARN_CONSTANT_CONVERSION = YES;
				CLANG_WARN_DEPRECATED_OBJC_IMPLEMENTATIONS = YES;
				CLANG_WARN_DIRECT_OBJC_ISA_USAGE = YES_ERROR;
				CLANG_WARN_DOCUMENTATION_COMMENTS = YES;
				CLANG_WARN_EMPTY_BODY = YES;
				CLANG_WARN_ENUM_CONVERSION = YES;
				CLANG_WARN_INFINITE_RECURSION = YES;
				CLANG_WARN_INT_CONVERSION = YES;
				CLANG_WARN_NON_LITERAL_NULL_CONVERSION = YES;
				CLANG_WARN_OBJC_IMPLICIT_RETAIN_SELF = YES;
				CLANG_WARN_OBJC_LITERAL_CONVERSION = YES;
				CLANG_WARN_OBJC_ROOT_CLASS = YES_ERROR;
				CLANG_WARN_QUOTED_INCLUDE_IN_FRAMEWORK_HEADER = YES;
				CLANG_WARN_RANGE_LOOP_ANALYSIS = YES;
				CLANG_WARN_STRICT_PROTOTYPES = YES;
				CLANG_WARN_SUSPICIOUS_MOVE = YES;
				CLANG_WARN_UNGUARDED_AVAILABILITY = YES_AGGRESSIVE;
				CLANG_WARN_UNREACHABLE_CODE = YES;
				CLANG_WARN__DUPLICATE_METHOD_MATCH = YES;
				COPY_PHASE_STRIP = NO;
				DEBUG_INFORMATION_FORMAT = dwarf;
				ENABLE_STRICT_OBJC_MSGSEND = YES;
				ENABLE_TESTABILITY = YES;
				GCC_C_LANGUAGE_STANDARD = gnu11;
				GCC_DYNAMIC_NO_PIC = NO;
				GCC_NO_COMMON_BLOCKS = YES;
				GCC_OPTIMIZATION_LEVEL = 0;
				GCC_PREPROCESSOR_DEFINITIONS = (
					"DEBUG=1",
					"$(inherited)",
				);
				GCC_WARN_64_TO_32_BIT_CONVERSION = YES;
				GCC_WARN_ABOUT_RETURN_TYPE = YES_ERROR;
				GCC_WARN_UNDECLARED_SELECTOR = YES;
				GCC_WARN_UNINITIALIZED_AUTOS = YES_AGGRESSIVE;
				GCC_WARN_UNUSED_FUNCTION = YES;
				GCC_WARN_UNUSED_VARIABLE = YES;
				IPHONEOS_DEPLOYMENT_TARGET = 15.4;
				MTL_ENABLE_DEBUG_INFO = INCLUDE_SOURCE;
				MTL_FAST_MATH = YES;
				ONLY_ACTIVE_ARCH = YES;
				SDKROOT = iphoneos;
				SWIFT_ACTIVE_COMPILATION_CONDITIONS = DEBUG;
				SWIFT_OPTIMIZATION_LEVEL = "-Onone";
			};
			name = Debug;
		};
		4312A2042808CD30007F4CEE /* Release */ = {
			isa = XCBuildConfiguration;
			buildSettings = {
				ALWAYS_SEARCH_USER_PATHS = NO;
				CLANG_ANALYZER_NONNULL = YES;
				CLANG_ANALYZER_NUMBER_OBJECT_CONVERSION = YES_AGGRESSIVE;
				CLANG_CXX_LANGUAGE_STANDARD = "gnu++17";
				CLANG_ENABLE_MODULES = YES;
				CLANG_ENABLE_OBJC_ARC = YES;
				CLANG_ENABLE_OBJC_WEAK = YES;
				CLANG_WARN_BLOCK_CAPTURE_AUTORELEASING = YES;
				CLANG_WARN_BOOL_CONVERSION = YES;
				CLANG_WARN_COMMA = YES;
				CLANG_WARN_CONSTANT_CONVERSION = YES;
				CLANG_WARN_DEPRECATED_OBJC_IMPLEMENTATIONS = YES;
				CLANG_WARN_DIRECT_OBJC_ISA_USAGE = YES_ERROR;
				CLANG_WARN_DOCUMENTATION_COMMENTS = YES;
				CLANG_WARN_EMPTY_BODY = YES;
				CLANG_WARN_ENUM_CONVERSION = YES;
				CLANG_WARN_INFINITE_RECURSION = YES;
				CLANG_WARN_INT_CONVERSION = YES;
				CLANG_WARN_NON_LITERAL_NULL_CONVERSION = YES;
				CLANG_WARN_OBJC_IMPLICIT_RETAIN_SELF = YES;
				CLANG_WARN_OBJC_LITERAL_CONVERSION = YES;
				CLANG_WARN_OBJC_ROOT_CLASS = YES_ERROR;
				CLANG_WARN_QUOTED_INCLUDE_IN_FRAMEWORK_HEADER = YES;
				CLANG_WARN_RANGE_LOOP_ANALYSIS = YES;
				CLANG_WARN_STRICT_PROTOTYPES = YES;
				CLANG_WARN_SUSPICIOUS_MOVE = YES;
				CLANG_WARN_UNGUARDED_AVAILABILITY = YES_AGGRESSIVE;
				CLANG_WARN_UNREACHABLE_CODE = YES;
				CLANG_WARN__DUPLICATE_METHOD_MATCH = YES;
				COPY_PHASE_STRIP = NO;
				DEBUG_INFORMATION_FORMAT = "dwarf-with-dsym";
				ENABLE_NS_ASSERTIONS = NO;
				ENABLE_STRICT_OBJC_MSGSEND = YES;
				GCC_C_LANGUAGE_STANDARD = gnu11;
				GCC_NO_COMMON_BLOCKS = YES;
				GCC_WARN_64_TO_32_BIT_CONVERSION = YES;
				GCC_WARN_ABOUT_RETURN_TYPE = YES_ERROR;
				GCC_WARN_UNDECLARED_SELECTOR = YES;
				GCC_WARN_UNINITIALIZED_AUTOS = YES_AGGRESSIVE;
				GCC_WARN_UNUSED_FUNCTION = YES;
				GCC_WARN_UNUSED_VARIABLE = YES;
				IPHONEOS_DEPLOYMENT_TARGET = 15.4;
				MTL_ENABLE_DEBUG_INFO = NO;
				MTL_FAST_MATH = YES;
				SDKROOT = iphoneos;
				SWIFT_COMPILATION_MODE = wholemodule;
				SWIFT_OPTIMIZATION_LEVEL = "-O";
				VALIDATE_PRODUCT = YES;
			};
			name = Release;
		};
		4312A2062808CD30007F4CEE /* Debug */ = {
			isa = XCBuildConfiguration;
			buildSettings = {
				ASSETCATALOG_COMPILER_APPICON_NAME = AppIcon;
				ASSETCATALOG_COMPILER_GLOBAL_ACCENT_COLOR_NAME = AccentColor;
				CODE_SIGN_STYLE = Automatic;
				CURRENT_PROJECT_VERSION = 1;
				DEVELOPMENT_TEAM = 2L9L899V66;
				GENERATE_INFOPLIST_FILE = YES;
				INFOPLIST_FILE = Audio/Info.plist;
				INFOPLIST_KEY_UIApplicationSupportsIndirectInputEvents = YES;
				INFOPLIST_KEY_UILaunchStoryboardName = LaunchScreen;
				INFOPLIST_KEY_UIMainStoryboardFile = Main;
				INFOPLIST_KEY_UISupportedInterfaceOrientations_iPad = "UIInterfaceOrientationPortrait UIInterfaceOrientationPortraitUpsideDown UIInterfaceOrientationLandscapeLeft UIInterfaceOrientationLandscapeRight";
				INFOPLIST_KEY_UISupportedInterfaceOrientations_iPhone = "UIInterfaceOrientationPortrait UIInterfaceOrientationLandscapeLeft UIInterfaceOrientationLandscapeRight";
				LD_RUNPATH_SEARCH_PATHS = (
					"$(inherited)",
					"@executable_path/Frameworks",
				);
				MARKETING_VERSION = 1.0;
				PRODUCT_BUNDLE_IDENTIFIER = com.memtarhan.Audio;
				PRODUCT_NAME = "$(TARGET_NAME)";
				SWIFT_EMIT_LOC_STRINGS = YES;
				SWIFT_VERSION = 5.0;
				TARGETED_DEVICE_FAMILY = "1,2";
			};
			name = Debug;
		};
		4312A2072808CD30007F4CEE /* Release */ = {
			isa = XCBuildConfiguration;
			buildSettings = {
				ASSETCATALOG_COMPILER_APPICON_NAME = AppIcon;
				ASSETCATALOG_COMPILER_GLOBAL_ACCENT_COLOR_NAME = AccentColor;
				CODE_SIGN_STYLE = Automatic;
				CURRENT_PROJECT_VERSION = 1;
				DEVELOPMENT_TEAM = 2L9L899V66;
				GENERATE_INFOPLIST_FILE = YES;
				INFOPLIST_FILE = Audio/Info.plist;
				INFOPLIST_KEY_UIApplicationSupportsIndirectInputEvents = YES;
				INFOPLIST_KEY_UILaunchStoryboardName = LaunchScreen;
				INFOPLIST_KEY_UIMainStoryboardFile = Main;
				INFOPLIST_KEY_UISupportedInterfaceOrientations_iPad = "UIInterfaceOrientationPortrait UIInterfaceOrientationPortraitUpsideDown UIInterfaceOrientationLandscapeLeft UIInterfaceOrientationLandscapeRight";
				INFOPLIST_KEY_UISupportedInterfaceOrientations_iPhone = "UIInterfaceOrientationPortrait UIInterfaceOrientationLandscapeLeft UIInterfaceOrientationLandscapeRight";
				LD_RUNPATH_SEARCH_PATHS = (
					"$(inherited)",
					"@executable_path/Frameworks",
				);
				MARKETING_VERSION = 1.0;
				PRODUCT_BUNDLE_IDENTIFIER = com.memtarhan.Audio;
				PRODUCT_NAME = "$(TARGET_NAME)";
				SWIFT_EMIT_LOC_STRINGS = YES;
				SWIFT_VERSION = 5.0;
				TARGETED_DEVICE_FAMILY = "1,2";
			};
			name = Release;
		};
/* End XCBuildConfiguration section */

/* Begin XCConfigurationList section */
		4312A1EC2808CD2D007F4CEE /* Build configuration list for PBXProject "Audio" */ = {
			isa = XCConfigurationList;
			buildConfigurations = (
				4312A2032808CD30007F4CEE /* Debug */,
				4312A2042808CD30007F4CEE /* Release */,
			);
			defaultConfigurationIsVisible = 0;
			defaultConfigurationName = Release;
		};
		4312A2052808CD30007F4CEE /* Build configuration list for PBXNativeTarget "Audio" */ = {
			isa = XCConfigurationList;
			buildConfigurations = (
				4312A2062808CD30007F4CEE /* Debug */,
				4312A2072808CD30007F4CEE /* Release */,
			);
			defaultConfigurationIsVisible = 0;
			defaultConfigurationName = Release;
		};
/* End XCConfigurationList section */
	};
	rootObject = 4312A1E92808CD2D007F4CEE /* Project object */;
}
